// !$*UTF8*$!
{
	archiveVersion = 1;
	classes = {
	};
	objectVersion = 77;
	objects = {

/* Begin PBXBuildFile section */
		510000000000000000000008 /* EVASimulate in Embed EVASimulate CLI */ = {isa = PBXBuildFile; fileRef = 510000000000000000000001 /* EVASimulate */; };
		51B00000000000000000001E /* SurrogateSeparation.swift in Sources */ = {isa = PBXBuildFile; fileRef = 51F00000000000000000001E /* SurrogateSeparation.swift */; };
		51B00000000000000000001F /* ERPEvaluation.swift in Sources */ = {isa = PBXBuildFile; fileRef = 51F00000000000000000001F /* ERPEvaluation.swift */; };
		51B000000000000000000020 /* SNRMetrics.swift in Sources */ = {isa = PBXBuildFile; fileRef = 51F000000000000000000020 /* SNRMetrics.swift */; };
		51B000000000000000000021 /* RichMetrics.swift in Sources */ = {isa = PBXBuildFile; fileRef = 51F000000000000000000021 /* RichMetrics.swift */; };
		51B000000000000000000022 /* SourceMetrics.swift in Sources */ = {isa = PBXBuildFile; fileRef = 51F000000000000000000022 /* SourceMetrics.swift */; };
		51B000000000000000000023 /* SimulationWriter.swift in Sources */ = {isa = PBXBuildFile; fileRef = 51F000000000000000000023 /* SimulationWriter.swift */; };
		51B000000000000000000024 /* SI0ContractFixtures.swift in Sources */ = {isa = PBXBuildFile; fileRef = 51F000000000000000000024 /* SI0ContractFixtures.swift */; };
		51B000000000000000000025 /* SelfTest.swift in Sources */ = {isa = PBXBuildFile; fileRef = 51F000000000000000000025 /* SelfTest.swift */; };
		51B000000000000000000026 /* main.swift in Sources */ = {isa = PBXBuildFile; fileRef = 51F000000000000000000026 /* main.swift */; };
		520000000000000000000002 /* scenarios in Resources */ = {isa = PBXBuildFile; fileRef = 520000000000000000000001 /* scenarios */; };
		D000000000000000000000C /* EVAQuickLook.appex in Embed Foundation Extensions */ = {isa = PBXBuildFile; fileRef = D0000000000000000000002 /* EVAQuickLook.appex */; settings = {ATTRIBUTES = (RemoveHeadersOnCopy, ); }; };
		D000000000000000000001C /* EVAThumbnail.appex in Embed Foundation Extensions */ = {isa = PBXBuildFile; fileRef = D0000000000000000000012 /* EVAThumbnail.appex */; settings = {ATTRIBUTES = (RemoveHeadersOnCopy, ); }; };
/* End PBXBuildFile section */

/* Begin PBXContainerItemProxy section */
		510000000000000000000009 /* PBXContainerItemProxy */ = {
			isa = PBXContainerItemProxy;
			containerPortal = 77BE28B32FED64E10080DAF5 /* Project object */;
			proxyType = 1;
			remoteGlobalIDString = 510000000000000000000002;
			remoteInfo = EVASimulate;
		};
		77BE28C92FED64E30080DAF5 /* PBXContainerItemProxy */ = {
			isa = PBXContainerItemProxy;
			containerPortal = 77BE28B32FED64E10080DAF5 /* Project object */;
			proxyType = 1;
			remoteGlobalIDString = 77BE28BA2FED64E10080DAF5;
			remoteInfo = EVA;
		};
		77BE28D32FED64E30080DAF5 /* PBXContainerItemProxy */ = {
			isa = PBXContainerItemProxy;
			containerPortal = 77BE28B32FED64E10080DAF5 /* Project object */;
			proxyType = 1;
			remoteGlobalIDString = 77BE28BA2FED64E10080DAF5;
			remoteInfo = EVA;
		};
		D000000000000000000000B /* PBXContainerItemProxy */ = {
			isa = PBXContainerItemProxy;
			containerPortal = 77BE28B32FED64E10080DAF5 /* Project object */;
			proxyType = 1;
			remoteGlobalIDString = D0000000000000000000001;
			remoteInfo = EVAQuickLook;
		};
		D000000000000000000001B /* PBXContainerItemProxy */ = {
			isa = PBXContainerItemProxy;
			containerPortal = 77BE28B32FED64E10080DAF5 /* Project object */;
			proxyType = 1;
			remoteGlobalIDString = D0000000000000000000011;
			remoteInfo = EVAThumbnail;
		};
/* End PBXContainerItemProxy section */

/* Begin PBXCopyFilesBuildPhase section */
		510000000000000000000007 /* Embed EVASimulate CLI */ = {
			isa = PBXCopyFilesBuildPhase;
			buildActionMask = 2147483647;
			dstPath = "";
			dstSubfolderSpec = 6;
			files = (
				510000000000000000000008 /* EVASimulate in Embed EVASimulate CLI */,
			);
			name = "Embed EVASimulate CLI";
			runOnlyForDeploymentPostprocessing = 0;
		};
		D00000000000000000000021 /* Embed Foundation Extensions */ = {
			isa = PBXCopyFilesBuildPhase;
			buildActionMask = 2147483647;
			dstPath = "";
			dstSubfolderSpec = 13;
			files = (
				D000000000000000000000C /* EVAQuickLook.appex in Embed Foundation Extensions */,
				D000000000000000000001C /* EVAThumbnail.appex in Embed Foundation Extensions */,
			);
			name = "Embed Foundation Extensions";
			runOnlyForDeploymentPostprocessing = 0;
		};
/* End PBXCopyFilesBuildPhase section */

/* Begin PBXFileReference section */
		510000000000000000000001 /* EVASimulate */ = {isa = PBXFileReference; explicitFileType = "compiled.mach-o.executable"; includeInIndex = 0; path = EVASimulate; sourceTree = BUILT_PRODUCTS_DIR; };
		51F00000000000000000001E /* SurrogateSeparation.swift */ = {isa = PBXFileReference; lastKnownFileType = sourcecode.swift; name = SurrogateSeparation.swift; path = Tools/EVASimulate/Sources/EVASimulate/SurrogateSeparation.swift; sourceTree = SOURCE_ROOT; };
		51F00000000000000000001F /* ERPEvaluation.swift */ = {isa = PBXFileReference; lastKnownFileType = sourcecode.swift; name = ERPEvaluation.swift; path = Tools/EVASimulate/Sources/EVASimulate/ERPEvaluation.swift; sourceTree = SOURCE_ROOT; };
		51F000000000000000000020 /* SNRMetrics.swift */ = {isa = PBXFileReference; lastKnownFileType = sourcecode.swift; name = SNRMetrics.swift; path = Tools/EVASimulate/Sources/EVASimulate/SNRMetrics.swift; sourceTree = SOURCE_ROOT; };
		51F000000000000000000021 /* RichMetrics.swift */ = {isa = PBXFileReference; lastKnownFileType = sourcecode.swift; name = RichMetrics.swift; path = Tools/EVASimulate/Sources/EVASimulate/RichMetrics.swift; sourceTree = SOURCE_ROOT; };
		51F000000000000000000022 /* SourceMetrics.swift */ = {isa = PBXFileReference; lastKnownFileType = sourcecode.swift; name = SourceMetrics.swift; path = Tools/EVASimulate/Sources/EVASimulate/SourceMetrics.swift; sourceTree = SOURCE_ROOT; };
		51F000000000000000000023 /* SimulationWriter.swift */ = {isa = PBXFileReference; lastKnownFileType = sourcecode.swift; name = SimulationWriter.swift; path = Tools/EVASimulate/Sources/EVASimulate/SimulationWriter.swift; sourceTree = SOURCE_ROOT; };
		51F000000000000000000024 /* SI0ContractFixtures.swift */ = {isa = PBXFileReference; lastKnownFileType = sourcecode.swift; name = SI0ContractFixtures.swift; path = Tools/EVASimulate/Sources/EVASimulate/SI0ContractFixtures.swift; sourceTree = SOURCE_ROOT; };
		51F000000000000000000025 /* SelfTest.swift */ = {isa = PBXFileReference; lastKnownFileType = sourcecode.swift; name = SelfTest.swift; path = Tools/EVASimulate/Sources/EVASimulate/SelfTest.swift; sourceTree = SOURCE_ROOT; };
		51F000000000000000000026 /* main.swift */ = {isa = PBXFileReference; lastKnownFileType = sourcecode.swift; name = main.swift; path = Tools/EVASimulate/Sources/EVASimulate/main.swift; sourceTree = SOURCE_ROOT; };
		520000000000000000000001 /* scenarios */ = {isa = PBXFileReference; lastKnownFileType = folder; name = scenarios; path = Tools/EVASimulate/scenarios; sourceTree = SOURCE_ROOT; };
		77BE28BB2FED64E10080DAF5 /* EVA.app */ = {isa = PBXFileReference; explicitFileType = wrapper.application; includeInIndex = 0; path = EVA.app; sourceTree = BUILT_PRODUCTS_DIR; };
		77BE28C82FED64E30080DAF5 /* EVATests.xctest */ = {isa = PBXFileReference; explicitFileType = wrapper.cfbundle; includeInIndex = 0; path = EVATests.xctest; sourceTree = BUILT_PRODUCTS_DIR; };
		77BE28D22FED64E30080DAF5 /* EVAUITests.xctest */ = {isa = PBXFileReference; explicitFileType = wrapper.cfbundle; includeInIndex = 0; path = EVAUITests.xctest; sourceTree = BUILT_PRODUCTS_DIR; };
		D0000000000000000000002 /* EVAQuickLook.appex */ = {isa = PBXFileReference; explicitFileType = "wrapper.app-extension"; includeInIndex = 0; path = EVAQuickLook.appex; sourceTree = BUILT_PRODUCTS_DIR; };
		D0000000000000000000012 /* EVAThumbnail.appex */ = {isa = PBXFileReference; explicitFileType = "wrapper.app-extension"; includeInIndex = 0; path = EVAThumbnail.appex; sourceTree = BUILT_PRODUCTS_DIR; };
/* End PBXFileReference section */

/* Begin PBXFileSystemSynchronizedBuildFileExceptionSet section */
		77BE28E52FED64E40080DAF5 /* Exceptions for "EVA" folder in "EVA" target */ = {
			isa = PBXFileSystemSynchronizedBuildFileExceptionSet;
			membershipExceptions = (
				Info.plist,
			);
			target = 77BE28BA2FED64E10080DAF5 /* EVA */;
		};
		77BE28E62FED64E40080DAF5 /* Exceptions for "EVATests" folder in "EVATests" target */ = {
			isa = PBXFileSystemSynchronizedBuildFileExceptionSet;
			membershipExceptions = (
				Fixtures/.DS_Store,
				"Fixtures/ebayes-thresh-reference.json",
				Fixtures/example_1.mfz,
				Fixtures/example_2.json,
				"Fixtures/LICENSE-mffpy.txt",
			);
			target = 77BE28C72FED64E30080DAF5 /* EVATests */;
		};
		D000000000000000000000D /* Exceptions for "EVAQuickLook" folder in "EVAQuickLook" target */ = {
			isa = PBXFileSystemSynchronizedBuildFileExceptionSet;
			membershipExceptions = (
				Info.plist,
			);
			target = D0000000000000000000001 /* EVAQuickLook */;
		};
		D000000000000000000001D /* Exceptions for "EVAThumbnail" folder in "EVAThumbnail" target */ = {
			isa = PBXFileSystemSynchronizedBuildFileExceptionSet;
			membershipExceptions = (
				Info.plist,
			);
			target = D0000000000000000000011 /* EVAThumbnail */;
		};
/* End PBXFileSystemSynchronizedBuildFileExceptionSet section */

/* Begin PBXFileSystemSynchronizedRootGroup section */
		77BE28BD2FED64E10080DAF5 /* EVA */ = {
			isa = PBXFileSystemSynchronizedRootGroup;
			exceptions = (
				77BE28E52FED64E40080DAF5 /* Exceptions for "EVA" folder in "EVA" target */,
			);
			path = EVA;
			sourceTree = "<group>";
		};
		77BE28CB2FED64E30080DAF5 /* EVATests */ = {
			isa = PBXFileSystemSynchronizedRootGroup;
			exceptions = (
				77BE28E62FED64E40080DAF5 /* Exceptions for "EVATests" folder in "EVATests" target */,
			);
			path = EVATests;
			sourceTree = "<group>";
		};
		77BE28D52FED64E30080DAF5 /* EVAUITests */ = {
			isa = PBXFileSystemSynchronizedRootGroup;
			path = EVAUITests;
			sourceTree = "<group>";
		};
		D00000000000000000000020 /* MFFPreviewKit */ = {
			isa = PBXFileSystemSynchronizedRootGroup;
			path = MFFPreviewKit;
			sourceTree = "<group>";
		};
		D0000000000000000000009 /* EVAQuickLook */ = {
			isa = PBXFileSystemSynchronizedRootGroup;
			exceptions = (
				D000000000000000000000D /* Exceptions for "EVAQuickLook" folder in "EVAQuickLook" target */,
			);
			path = EVAQuickLook;
			sourceTree = "<group>";
		};
		D0000000000000000000019 /* EVAThumbnail */ = {
			isa = PBXFileSystemSynchronizedRootGroup;
			exceptions = (
				D000000000000000000001D /* Exceptions for "EVAThumbnail" folder in "EVAThumbnail" target */,
			);
			path = EVAThumbnail;
			sourceTree = "<group>";
		};
		E10000000000000000000001 /* EVAPreviewKit */ = {
			isa = PBXFileSystemSynchronizedRootGroup;
			path = EVAPreviewKit;
			sourceTree = "<group>";
		};
		E20000000000000000000001 /* EVACore */ = {
			isa = PBXFileSystemSynchronizedRootGroup;
			path = EVACore;
			sourceTree = "<group>";
		};
/* End PBXFileSystemSynchronizedRootGroup section */

/* Begin PBXFrameworksBuildPhase section */
		77BE28B82FED64E10080DAF5 /* Frameworks */ = {
			isa = PBXFrameworksBuildPhase;
			buildActionMask = 2147483647;
			files = (
			);
			runOnlyForDeploymentPostprocessing = 0;
		};
		77BE28C52FED64E30080DAF5 /* Frameworks */ = {
			isa = PBXFrameworksBuildPhase;
			buildActionMask = 2147483647;
			files = (
			);
			runOnlyForDeploymentPostprocessing = 0;
		};
		77BE28CF2FED64E30080DAF5 /* Frameworks */ = {
			isa = PBXFrameworksBuildPhase;
			buildActionMask = 2147483647;
			files = (
			);
			runOnlyForDeploymentPostprocessing = 0;
		};
		D0000000000000000000004 /* Frameworks */ = {
			isa = PBXFrameworksBuildPhase;
			buildActionMask = 2147483647;
			files = (
			);
			runOnlyForDeploymentPostprocessing = 0;
		};
		D0000000000000000000014 /* Frameworks */ = {
			isa = PBXFrameworksBuildPhase;
			buildActionMask = 2147483647;
			files = (
			);
			runOnlyForDeploymentPostprocessing = 0;
		};
/* End PBXFrameworksBuildPhase section */

/* Begin PBXGroup section */
		7786CE5030442B0E007813E3 /* Recovered References */ = {
			isa = PBXGroup;
			children = (
				51F00000000000000000001E /* SurrogateSeparation.swift */,
				51F00000000000000000001F /* ERPEvaluation.swift */,
				51F000000000000000000020 /* SNRMetrics.swift */,
				51F000000000000000000021 /* RichMetrics.swift */,
				51F000000000000000000022 /* SourceMetrics.swift */,
				51F000000000000000000023 /* SimulationWriter.swift */,
				51F000000000000000000024 /* SI0ContractFixtures.swift */,
				51F000000000000000000025 /* SelfTest.swift */,
				51F000000000000000000026 /* main.swift */,
			);
			name = "Recovered References";
			sourceTree = "<group>";
		};
		77BE28B22FED64E10080DAF5 = {
			isa = PBXGroup;
			children = (
				520000000000000000000001 /* scenarios */,
				77BE28BD2FED64E10080DAF5 /* EVA */,
				E20000000000000000000001 /* EVACore */,
				77BE28CB2FED64E30080DAF5 /* EVATests */,
				77BE28D52FED64E30080DAF5 /* EVAUITests */,
				D00000000000000000000020 /* MFFPreviewKit */,
				E10000000000000000000001 /* EVAPreviewKit */,
				D0000000000000000000009 /* EVAQuickLook */,
				D0000000000000000000019 /* EVAThumbnail */,
				77BE28BC2FED64E10080DAF5 /* Products */,
				7786CE5030442B0E007813E3 /* Recovered References */,
			);
			sourceTree = "<group>";
		};
		77BE28BC2FED64E10080DAF5 /* Products */ = {
			isa = PBXGroup;
			children = (
				77BE28BB2FED64E10080DAF5 /* EVA.app */,
				77BE28C82FED64E30080DAF5 /* EVATests.xctest */,
				77BE28D22FED64E30080DAF5 /* EVAUITests.xctest */,
				D0000000000000000000002 /* EVAQuickLook.appex */,
				D0000000000000000000012 /* EVAThumbnail.appex */,
				510000000000000000000001 /* EVASimulate */,
			);
			name = Products;
			sourceTree = "<group>";
		};
/* End PBXGroup section */

/* Begin PBXNativeTarget section */
		510000000000000000000002 /* EVASimulate */ = {
			isa = PBXNativeTarget;
			buildConfigurationList = 510000000000000000000003 /* Build configuration list for PBXNativeTarget "EVASimulate" */;
			buildPhases = (
				510000000000000000000006 /* Sources */,
			);
			buildRules = (
			);
			dependencies = (
			);
			fileSystemSynchronizedGroups = (
				E20000000000000000000001 /* EVACore */,
			);
			name = EVASimulate;
			packageProductDependencies = (
			);
			productName = EVASimulate;
			productReference = 510000000000000000000001 /* EVASimulate */;
			productType = "com.apple.product-type.tool";
		};
		77BE28BA2FED64E10080DAF5 /* EVA */ = {
			isa = PBXNativeTarget;
			buildConfigurationList = 77BE28DC2FED64E30080DAF5 /* Build configuration list for PBXNativeTarget "EVA" */;
			buildPhases = (
				77BE28B72FED64E10080DAF5 /* Sources */,
				77BE28B82FED64E10080DAF5 /* Frameworks */,
				77BE28B92FED64E10080DAF5 /* Resources */,
				D00000000000000000000021 /* Embed Foundation Extensions */,
				510000000000000000000007 /* Embed EVASimulate CLI */,
			);
			buildRules = (
			);
			dependencies = (
				D000000000000000000000A /* PBXTargetDependency */,
				D000000000000000000001A /* PBXTargetDependency */,
				51000000000000000000000A /* PBXTargetDependency */,
			);
			fileSystemSynchronizedGroups = (
				77BE28BD2FED64E10080DAF5 /* EVA */,
				E20000000000000000000001 /* EVACore */,
			);
			name = EVA;
			packageProductDependencies = (
			);
			productName = EVA;
			productReference = 77BE28BB2FED64E10080DAF5 /* EVA.app */;
			productType = "com.apple.product-type.application";
		};
		77BE28C72FED64E30080DAF5 /* EVATests */ = {
			isa = PBXNativeTarget;
			buildConfigurationList = 77BE28DF2FED64E30080DAF5 /* Build configuration list for PBXNativeTarget "EVATests" */;
			buildPhases = (
				77BE28C42FED64E30080DAF5 /* Sources */,
				77BE28C52FED64E30080DAF5 /* Frameworks */,
				77BE28C62FED64E30080DAF5 /* Resources */,
			);
			buildRules = (
			);
			dependencies = (
				77BE28CA2FED64E30080DAF5 /* PBXTargetDependency */,
			);
			fileSystemSynchronizedGroups = (
				77BE28CB2FED64E30080DAF5 /* EVATests */,
				D00000000000000000000020 /* MFFPreviewKit */,
				E10000000000000000000001 /* EVAPreviewKit */,
			);
			name = EVATests;
			packageProductDependencies = (
			);
			productName = EVATests;
			productReference = 77BE28C82FED64E30080DAF5 /* EVATests.xctest */;
			productType = "com.apple.product-type.bundle.unit-test";
		};
		77BE28D12FED64E30080DAF5 /* EVAUITests */ = {
			isa = PBXNativeTarget;
			buildConfigurationList = 77BE28E22FED64E30080DAF5 /* Build configuration list for PBXNativeTarget "EVAUITests" */;
			buildPhases = (
				77BE28CE2FED64E30080DAF5 /* Sources */,
				77BE28CF2FED64E30080DAF5 /* Frameworks */,
				77BE28D02FED64E30080DAF5 /* Resources */,
			);
			buildRules = (
			);
			dependencies = (
				77BE28D42FED64E30080DAF5 /* PBXTargetDependency */,
			);
			fileSystemSynchronizedGroups = (
				77BE28D52FED64E30080DAF5 /* EVAUITests */,
			);
			name = EVAUITests;
			packageProductDependencies = (
			);
			productName = EVAUITests;
			productReference = 77BE28D22FED64E30080DAF5 /* EVAUITests.xctest */;
			productType = "com.apple.product-type.bundle.ui-testing";
		};
		D0000000000000000000001 /* EVAQuickLook */ = {
			isa = PBXNativeTarget;
			buildConfigurationList = D0000000000000000000006 /* Build configuration list for PBXNativeTarget "EVAQuickLook" */;
			buildPhases = (
				D0000000000000000000003 /* Sources */,
				D0000000000000000000004 /* Frameworks */,
				D0000000000000000000005 /* Resources */,
			);
			buildRules = (
			);
			dependencies = (
			);
			fileSystemSynchronizedGroups = (
				D00000000000000000000020 /* MFFPreviewKit */,
				D0000000000000000000009 /* EVAQuickLook */,
				E10000000000000000000001 /* EVAPreviewKit */,
			);
			name = EVAQuickLook;
			packageProductDependencies = (
			);
			productName = EVAQuickLook;
			productReference = D0000000000000000000002 /* EVAQuickLook.appex */;
			productType = "com.apple.product-type.app-extension";
		};
		D0000000000000000000011 /* EVAThumbnail */ = {
			isa = PBXNativeTarget;
			buildConfigurationList = D0000000000000000000016 /* Build configuration list for PBXNativeTarget "EVAThumbnail" */;
			buildPhases = (
				D0000000000000000000013 /* Sources */,
				D0000000000000000000014 /* Frameworks */,
				D0000000000000000000015 /* Resources */,
			);
			buildRules = (
			);
			dependencies = (
			);
			fileSystemSynchronizedGroups = (
				D00000000000000000000020 /* MFFPreviewKit */,
				D0000000000000000000019 /* EVAThumbnail */,
				E10000000000000000000001 /* EVAPreviewKit */,
			);
			name = EVAThumbnail;
			packageProductDependencies = (
			);
			productName = EVAThumbnail;
			productReference = D0000000000000000000012 /* EVAThumbnail.appex */;
			productType = "com.apple.product-type.app-extension";
		};
/* End PBXNativeTarget section */

/* Begin PBXProject section */
		77BE28B32FED64E10080DAF5 /* Project object */ = {
			isa = PBXProject;
			attributes = {
				BuildIndependentTargetsInParallel = 1;
				LastSwiftUpdateCheck = 2650;
				LastUpgradeCheck = 2650;
				TargetAttributes = {
					77BE28BA2FED64E10080DAF5 = {
						CreatedOnToolsVersion = 26.5;
					};
					77BE28C72FED64E30080DAF5 = {
						CreatedOnToolsVersion = 26.5;
						TestTargetID = 77BE28BA2FED64E10080DAF5;
					};
					77BE28D12FED64E30080DAF5 = {
						CreatedOnToolsVersion = 26.5;
						TestTargetID = 77BE28BA2FED64E10080DAF5;
					};
					D0000000000000000000001 = {
						CreatedOnToolsVersion = 26.6;
					};
					D0000000000000000000011 = {
						CreatedOnToolsVersion = 26.6;
					};
				};
			};
			buildConfigurationList = 77BE28B62FED64E10080DAF5 /* Build configuration list for PBXProject "EVA" */;
			developmentRegion = en;
			hasScannedForEncodings = 0;
			knownRegions = (
				en,
				Base,
			);
			mainGroup = 77BE28B22FED64E10080DAF5;
			minimizedProjectReferenceProxies = 1;
			preferredProjectObjectVersion = 77;
			productRefGroup = 77BE28BC2FED64E10080DAF5 /* Products */;
			projectDirPath = "";
			projectRoot = "";
			targets = (
				77BE28BA2FED64E10080DAF5 /* EVA */,
				77BE28C72FED64E30080DAF5 /* EVATests */,
				77BE28D12FED64E30080DAF5 /* EVAUITests */,
				D0000000000000000000001 /* EVAQuickLook */,
				D0000000000000000000011 /* EVAThumbnail */,
				510000000000000000000002 /* EVASimulate */,
			);
		};
/* End PBXProject section */

/* Begin PBXResourcesBuildPhase section */
		77BE28B92FED64E10080DAF5 /* Resources */ = {
			isa = PBXResourcesBuildPhase;
			buildActionMask = 2147483647;
			files = (
				520000000000000000000002 /* scenarios in Resources */,
			);
			runOnlyForDeploymentPostprocessing = 0;
		};
		77BE28C62FED64E30080DAF5 /* Resources */ = {
			isa = PBXResourcesBuildPhase;
			buildActionMask = 2147483647;
			files = (
			);
			runOnlyForDeploymentPostprocessing = 0;
		};
		77BE28D02FED64E30080DAF5 /* Resources */ = {
			isa = PBXResourcesBuildPhase;
			buildActionMask = 2147483647;
			files = (
			);
			runOnlyForDeploymentPostprocessing = 0;
		};
		D0000000000000000000005 /* Resources */ = {
			isa = PBXResourcesBuildPhase;
			buildActionMask = 2147483647;
			files = (
			);
			runOnlyForDeploymentPostprocessing = 0;
		};
		D0000000000000000000015 /* Resources */ = {
			isa = PBXResourcesBuildPhase;
			buildActionMask = 2147483647;
			files = (
			);
			runOnlyForDeploymentPostprocessing = 0;
		};
/* End PBXResourcesBuildPhase section */

/* Begin PBXSourcesBuildPhase section */
		510000000000000000000006 /* Sources */ = {
			isa = PBXSourcesBuildPhase;
			buildActionMask = 2147483647;
			files = (
				51B00000000000000000001E /* SurrogateSeparation.swift in Sources */,
				51B00000000000000000001F /* ERPEvaluation.swift in Sources */,
				51B000000000000000000020 /* SNRMetrics.swift in Sources */,
				51B000000000000000000021 /* RichMetrics.swift in Sources */,
				51B000000000000000000022 /* SourceMetrics.swift in Sources */,
				51B000000000000000000023 /* SimulationWriter.swift in Sources */,
				51B000000000000000000024 /* SI0ContractFixtures.swift in Sources */,
				51B000000000000000000025 /* SelfTest.swift in Sources */,
				51B000000000000000000026 /* main.swift in Sources */,
			);
			runOnlyForDeploymentPostprocessing = 0;
		};
		77BE28B72FED64E10080DAF5 /* Sources */ = {
			isa = PBXSourcesBuildPhase;
			buildActionMask = 2147483647;
			files = (
			);
			runOnlyForDeploymentPostprocessing = 0;
		};
		77BE28C42FED64E30080DAF5 /* Sources */ = {
			isa = PBXSourcesBuildPhase;
			buildActionMask = 2147483647;
			files = (
			);
			runOnlyForDeploymentPostprocessing = 0;
		};
		77BE28CE2FED64E30080DAF5 /* Sources */ = {
			isa = PBXSourcesBuildPhase;
			buildActionMask = 2147483647;
			files = (
			);
			runOnlyForDeploymentPostprocessing = 0;
		};
		D0000000000000000000003 /* Sources */ = {
			isa = PBXSourcesBuildPhase;
			buildActionMask = 2147483647;
			files = (
			);
			runOnlyForDeploymentPostprocessing = 0;
		};
		D0000000000000000000013 /* Sources */ = {
			isa = PBXSourcesBuildPhase;
			buildActionMask = 2147483647;
			files = (
			);
			runOnlyForDeploymentPostprocessing = 0;
		};
/* End PBXSourcesBuildPhase section */

/* Begin PBXTargetDependency section */
		51000000000000000000000A /* PBXTargetDependency */ = {
			isa = PBXTargetDependency;
			target = 510000000000000000000002 /* EVASimulate */;
			targetProxy = 510000000000000000000009 /* PBXContainerItemProxy */;
		};
		77BE28CA2FED64E30080DAF5 /* PBXTargetDependency */ = {
			isa = PBXTargetDependency;
			target = 77BE28BA2FED64E10080DAF5 /* EVA */;
			targetProxy = 77BE28C92FED64E30080DAF5 /* PBXContainerItemProxy */;
		};
		77BE28D42FED64E30080DAF5 /* PBXTargetDependency */ = {
			isa = PBXTargetDependency;
			target = 77BE28BA2FED64E10080DAF5 /* EVA */;
			targetProxy = 77BE28D32FED64E30080DAF5 /* PBXContainerItemProxy */;
		};
		D000000000000000000000A /* PBXTargetDependency */ = {
			isa = PBXTargetDependency;
			target = D0000000000000000000001 /* EVAQuickLook */;
			targetProxy = D000000000000000000000B /* PBXContainerItemProxy */;
		};
		D000000000000000000001A /* PBXTargetDependency */ = {
			isa = PBXTargetDependency;
			target = D0000000000000000000011 /* EVAThumbnail */;
			targetProxy = D000000000000000000001B /* PBXContainerItemProxy */;
		};
/* End PBXTargetDependency section */

/* Begin XCBuildConfiguration section */
		510000000000000000000004 /* Debug */ = {
			isa = XCBuildConfiguration;
			buildSettings = {
				CODE_SIGN_STYLE = Automatic;
				DEVELOPMENT_TEAM = 7V8RRF84QH;
				ENABLE_HARDENED_RUNTIME = YES;
				GENERATE_INFOPLIST_FILE = YES;
				MACOSX_DEPLOYMENT_TARGET = 26.5;
				OTHER_LDFLAGS = (
					"-framework",
					Accelerate,
				);
				OTHER_SWIFT_FLAGS = "-Xcc -DACCELERATE_NEW_LAPACK";
				PRODUCT_BUNDLE_IDENTIFIER = gov.nih.nimh.cmn.eva.simulate;
				PRODUCT_NAME = "$(TARGET_NAME)";
				SDKROOT = macosx;
				SWIFT_VERSION = 5.0;
			};
			name = Debug;
		};
		510000000000000000000005 /* Release */ = {
			isa = XCBuildConfiguration;
			buildSettings = {
				CODE_SIGN_STYLE = Automatic;
				DEVELOPMENT_TEAM = 7V8RRF84QH;
				ENABLE_HARDENED_RUNTIME = YES;
				GENERATE_INFOPLIST_FILE = YES;
				MACOSX_DEPLOYMENT_TARGET = 26.5;
				OTHER_LDFLAGS = (
					"-framework",
					Accelerate,
				);
				OTHER_SWIFT_FLAGS = "-Xcc -DACCELERATE_NEW_LAPACK";
				PRODUCT_BUNDLE_IDENTIFIER = gov.nih.nimh.cmn.eva.simulate;
				PRODUCT_NAME = "$(TARGET_NAME)";
				SDKROOT = macosx;
				SWIFT_VERSION = 5.0;
			};
			name = Release;
		};
		77BE28DA2FED64E30080DAF5 /* Debug */ = {
			isa = XCBuildConfiguration;
			buildSettings = {
				ALWAYS_SEARCH_USER_PATHS = NO;
				ASSETCATALOG_COMPILER_GENERATE_SWIFT_ASSET_SYMBOL_EXTENSIONS = YES;
				CLANG_ANALYZER_NONNULL = YES;
				CLANG_ANALYZER_NUMBER_OBJECT_CONVERSION = YES_AGGRESSIVE;
				CLANG_CXX_LANGUAGE_STANDARD = "gnu++20";
				CLANG_ENABLE_MODULES = YES;
				CLANG_ENABLE_OBJC_ARC = YES;
				CLANG_ENABLE_OBJC_WEAK = YES;
				CLANG_WARN_BLOCK_CAPTURE_AUTORELEASING = YES;
				CLANG_WARN_BOOL_CONVERSION = YES;
				CLANG_WARN_COMMA = YES;
				CLANG_WARN_CONSTANT_CONVERSION = YES;
				CLANG_WARN_DEPRECATED_OBJC_IMPLEMENTATIONS = YES;
				CLANG_WARN_DIRECT_OBJC_ISA_USAGE = YES_ERROR;
				CLANG_WARN_DOCUMENTATION_COMMENTS = YES;
				CLANG_WARN_EMPTY_BODY = YES;
				CLANG_WARN_ENUM_CONVERSION = YES;
				CLANG_WARN_INFINITE_RECURSION = YES;
				CLANG_WARN_INT_CONVERSION = YES;
				CLANG_WARN_NON_LITERAL_NULL_CONVERSION = YES;
				CLANG_WARN_OBJC_IMPLICIT_RETAIN_SELF = YES;
				CLANG_WARN_OBJC_LITERAL_CONVERSION = YES;
				CLANG_WARN_OBJC_ROOT_CLASS = YES_ERROR;
				CLANG_WARN_QUOTED_INCLUDE_IN_FRAMEWORK_HEADER = YES;
				CLANG_WARN_RANGE_LOOP_ANALYSIS = YES;
				CLANG_WARN_STRICT_PROTOTYPES = YES;
				CLANG_WARN_SUSPICIOUS_MOVE = YES;
				CLANG_WARN_UNGUARDED_AVAILABILITY = YES_AGGRESSIVE;
				CLANG_WARN_UNREACHABLE_CODE = YES;
				CLANG_WARN__DUPLICATE_METHOD_MATCH = YES;
				COPY_PHASE_STRIP = NO;
				DEBUG_INFORMATION_FORMAT = dwarf;
				ENABLE_STRICT_OBJC_MSGSEND = YES;
				ENABLE_TESTABILITY = YES;
				ENABLE_USER_SCRIPT_SANDBOXING = YES;
				GCC_C_LANGUAGE_STANDARD = gnu17;
				GCC_DYNAMIC_NO_PIC = NO;
				GCC_NO_COMMON_BLOCKS = YES;
				GCC_OPTIMIZATION_LEVEL = 0;
				GCC_PREPROCESSOR_DEFINITIONS = (
					"DEBUG=1",
					"$(inherited)",
				);
				GCC_WARN_64_TO_32_BIT_CONVERSION = YES;
				GCC_WARN_ABOUT_RETURN_TYPE = YES_ERROR;
				GCC_WARN_UNDECLARED_SELECTOR = YES;
				GCC_WARN_UNINITIALIZED_AUTOS = YES_AGGRESSIVE;
				GCC_WARN_UNUSED_FUNCTION = YES;
				GCC_WARN_UNUSED_VARIABLE = YES;
				LOCALIZATION_PREFERS_STRING_CATALOGS = YES;
				MACOSX_DEPLOYMENT_TARGET = 26.5;
				MTL_ENABLE_DEBUG_INFO = INCLUDE_SOURCE;
				MTL_FAST_MATH = YES;
				ONLY_ACTIVE_ARCH = YES;
				SDKROOT = macosx;
				SWIFT_ACTIVE_COMPILATION_CONDITIONS = "DEBUG $(inherited)";
				SWIFT_OPTIMIZATION_LEVEL = "-Onone";
			};
			name = Debug;
		};
		77BE28DB2FED64E30080DAF5 /* Release */ = {
			isa = XCBuildConfiguration;
			buildSettings = {
				ALWAYS_SEARCH_USER_PATHS = NO;
				ASSETCATALOG_COMPILER_GENERATE_SWIFT_ASSET_SYMBOL_EXTENSIONS = YES;
				CLANG_ANALYZER_NONNULL = YES;
				CLANG_ANALYZER_NUMBER_OBJECT_CONVERSION = YES_AGGRESSIVE;
				CLANG_CXX_LANGUAGE_STANDARD = "gnu++20";
				CLANG_ENABLE_MODULES = YES;
				CLANG_ENABLE_OBJC_ARC = YES;
				CLANG_ENABLE_OBJC_WEAK = YES;
				CLANG_WARN_BLOCK_CAPTURE_AUTORELEASING = YES;
				CLANG_WARN_BOOL_CONVERSION = YES;
				CLANG_WARN_COMMA = YES;
				CLANG_WARN_CONSTANT_CONVERSION = YES;
				CLANG_WARN_DEPRECATED_OBJC_IMPLEMENTATIONS = YES;
				CLANG_WARN_DIRECT_OBJC_ISA_USAGE = YES_ERROR;
				CLANG_WARN_DOCUMENTATION_COMMENTS = YES;
				CLANG_WARN_EMPTY_BODY = YES;
				CLANG_WARN_ENUM_CONVERSION = YES;
				CLANG_WARN_INFINITE_RECURSION = YES;
				CLANG_WARN_INT_CONVERSION = YES;
				CLANG_WARN_NON_LITERAL_NULL_CONVERSION = YES;
				CLANG_WARN_OBJC_IMPLICIT_RETAIN_SELF = YES;
				CLANG_WARN_OBJC_LITERAL_CONVERSION = YES;
				CLANG_WARN_OBJC_ROOT_CLASS = YES_ERROR;
				CLANG_WARN_QUOTED_INCLUDE_IN_FRAMEWORK_HEADER = YES;
				CLANG_WARN_RANGE_LOOP_ANALYSIS = YES;
				CLANG_WARN_STRICT_PROTOTYPES = YES;
				CLANG_WARN_SUSPICIOUS_MOVE = YES;
				CLANG_WARN_UNGUARDED_AVAILABILITY = YES_AGGRESSIVE;
				CLANG_WARN_UNREACHABLE_CODE = YES;
				CLANG_WARN__DUPLICATE_METHOD_MATCH = YES;
				COPY_PHASE_STRIP = NO;
				DEBUG_INFORMATION_FORMAT = "dwarf-with-dsym";
				ENABLE_NS_ASSERTIONS = NO;
				ENABLE_STRICT_OBJC_MSGSEND = YES;
				ENABLE_USER_SCRIPT_SANDBOXING = YES;
				GCC_C_LANGUAGE_STANDARD = gnu17;
				GCC_NO_COMMON_BLOCKS = YES;
				GCC_WARN_64_TO_32_BIT_CONVERSION = YES;
				GCC_WARN_ABOUT_RETURN_TYPE = YES_ERROR;
				GCC_WARN_UNDECLARED_SELECTOR = YES;
				GCC_WARN_UNINITIALIZED_AUTOS = YES_AGGRESSIVE;
				GCC_WARN_UNUSED_FUNCTION = YES;
				GCC_WARN_UNUSED_VARIABLE = YES;
				LOCALIZATION_PREFERS_STRING_CATALOGS = YES;
				MACOSX_DEPLOYMENT_TARGET = 26.5;
				MTL_ENABLE_DEBUG_INFO = NO;
				MTL_FAST_MATH = YES;
				SDKROOT = macosx;
				SWIFT_COMPILATION_MODE = wholemodule;
			};
			name = Release;
		};
		77BE28DD2FED64E30080DAF5 /* Debug */ = {
			isa = XCBuildConfiguration;
			buildSettings = {
				ASSETCATALOG_COMPILER_APPICON_NAME = AppIcon;
				ASSETCATALOG_COMPILER_GLOBAL_ACCENT_COLOR_NAME = AccentColor;
				CODE_SIGN_STYLE = Automatic;
				COMBINE_HIDPI_IMAGES = YES;
				CURRENT_PROJECT_VERSION = 20260828;
				DEVELOPMENT_TEAM = 7V8RRF84QH;
				ENABLE_APP_SANDBOX = YES;
				ENABLE_HARDENED_RUNTIME = YES;
				ENABLE_OUTGOING_NETWORK_CONNECTIONS = YES;
				ENABLE_PREVIEWS = YES;
				ENABLE_USER_SELECTED_FILES = readwrite;
				GENERATE_INFOPLIST_FILE = YES;
				INFOPLIST_FILE = EVA/Info.plist;
				INFOPLIST_KEY_LSApplicationCategoryType = "public.app-category.medical";
				INFOPLIST_KEY_NSHumanReadableCopyright = "Developed by P. Molfese, National Institutes of Health (NIH). U.S. Government work under 17 U.S.C. § 105.";
				LD_RUNPATH_SEARCH_PATHS = (
					"$(inherited)",
					"@executable_path/../Frameworks",
				);
				MARKETING_VERSION = 0.1.7;
				OTHER_SWIFT_FLAGS = "-Xcc -DACCELERATE_NEW_LAPACK";
				PRODUCT_BUNDLE_IDENTIFIER = gov.nih.nimh.cmn.eva;
				PRODUCT_NAME = "$(TARGET_NAME)";
				REGISTER_APP_GROUPS = YES;
				STRING_CATALOG_GENERATE_SYMBOLS = YES;
				SWIFT_APPROACHABLE_CONCURRENCY = YES;
				SWIFT_DEFAULT_ACTOR_ISOLATION = MainActor;
				SWIFT_EMIT_LOC_STRINGS = YES;
				SWIFT_UPCOMING_FEATURE_MEMBER_IMPORT_VISIBILITY = YES;
				SWIFT_VERSION = 5.0;
			};
			name = Debug;
		};
		77BE28DE2FED64E30080DAF5 /* Release */ = {
			isa = XCBuildConfiguration;
			buildSettings = {
				ASSETCATALOG_COMPILER_APPICON_NAME = AppIcon;
				ASSETCATALOG_COMPILER_GLOBAL_ACCENT_COLOR_NAME = AccentColor;
				CODE_SIGN_IDENTITY = "Apple Development";
				"CODE_SIGN_IDENTITY[sdk=macosx*]" = "Apple Development";
				CODE_SIGN_STYLE = Automatic;
				COMBINE_HIDPI_IMAGES = YES;
				CURRENT_PROJECT_VERSION = 20260828;
				DEVELOPMENT_TEAM = 7V8RRF84QH;
				ENABLE_APP_SANDBOX = YES;
				ENABLE_HARDENED_RUNTIME = YES;
				ENABLE_INCOMING_NETWORK_CONNECTIONS = NO;
				ENABLE_OUTGOING_NETWORK_CONNECTIONS = YES;
				ENABLE_PREVIEWS = YES;
				ENABLE_RESOURCE_ACCESS_AUDIO_INPUT = NO;
				ENABLE_RESOURCE_ACCESS_BLUETOOTH = NO;
				ENABLE_RESOURCE_ACCESS_CALENDARS = NO;
				ENABLE_RESOURCE_ACCESS_CAMERA = NO;
				ENABLE_RESOURCE_ACCESS_CONTACTS = NO;
				ENABLE_RESOURCE_ACCESS_LOCATION = NO;
				ENABLE_RESOURCE_ACCESS_PRINTING = NO;
				ENABLE_RESOURCE_ACCESS_USB = NO;
				ENABLE_USER_SELECTED_FILES = readwrite;
				GENERATE_INFOPLIST_FILE = YES;
				INFOPLIST_FILE = EVA/Info.plist;
				INFOPLIST_KEY_LSApplicationCategoryType = "public.app-category.medical";
				INFOPLIST_KEY_NSHumanReadableCopyright = "Developed by P. Molfese, National Institutes of Health (NIH). U.S. Government work under 17 U.S.C. § 105.";
				LD_RUNPATH_SEARCH_PATHS = (
					"$(inherited)",
					"@executable_path/../Frameworks",
				);
				MARKETING_VERSION = 0.1.7;
				OTHER_SWIFT_FLAGS = "-Xcc -DACCELERATE_NEW_LAPACK";
				PRODUCT_BUNDLE_IDENTIFIER = gov.nih.nimh.cmn.eva;
				PRODUCT_NAME = "$(TARGET_NAME)";
				PROVISIONING_PROFILE_SPECIFIER = "";
				REGISTER_APP_GROUPS = YES;
				STRING_CATALOG_GENERATE_SYMBOLS = YES;
				SWIFT_APPROACHABLE_CONCURRENCY = YES;
				SWIFT_DEFAULT_ACTOR_ISOLATION = MainActor;
				SWIFT_EMIT_LOC_STRINGS = YES;
				SWIFT_UPCOMING_FEATURE_MEMBER_IMPORT_VISIBILITY = YES;
				SWIFT_VERSION = 5.0;
			};
			name = Release;
		};
		77BE28E02FED64E30080DAF5 /* Debug */ = {
			isa = XCBuildConfiguration;
			buildSettings = {
				BUNDLE_LOADER = "$(TEST_HOST)";
				CODE_SIGN_STYLE = Automatic;
				CURRENT_PROJECT_VERSION = 1;
				DEVELOPMENT_TEAM = 7V8RRF84QH;
				GENERATE_INFOPLIST_FILE = YES;
				MACOSX_DEPLOYMENT_TARGET = 26.5;
				MARKETING_VERSION = 1.0;
				PRODUCT_BUNDLE_IDENTIFIER = gov.nih.nimh.cmn.eva.tests;
				PRODUCT_NAME = "$(TARGET_NAME)";
				STRING_CATALOG_GENERATE_SYMBOLS = NO;
				SWIFT_APPROACHABLE_CONCURRENCY = YES;
				SWIFT_EMIT_LOC_STRINGS = NO;
				SWIFT_UPCOMING_FEATURE_MEMBER_IMPORT_VISIBILITY = YES;
				SWIFT_VERSION = 5.0;
				TEST_HOST = "$(BUILT_PRODUCTS_DIR)/EVA.app/$(BUNDLE_EXECUTABLE_FOLDER_PATH)/EVA";
			};
			name = Debug;
		};
		77BE28E12FED64E30080DAF5 /* Release */ = {
			isa = XCBuildConfiguration;
			buildSettings = {
				BUNDLE_LOADER = "$(TEST_HOST)";
				CODE_SIGN_STYLE = Automatic;
				CURRENT_PROJECT_VERSION = 1;
				DEVELOPMENT_TEAM = 7V8RRF84QH;
				GENERATE_INFOPLIST_FILE = YES;
				MACOSX_DEPLOYMENT_TARGET = 26.5;
				MARKETING_VERSION = 1.0;
				PRODUCT_BUNDLE_IDENTIFIER = gov.nih.nimh.cmn.eva.tests;
				PRODUCT_NAME = "$(TARGET_NAME)";
				STRING_CATALOG_GENERATE_SYMBOLS = NO;
				SWIFT_APPROACHABLE_CONCURRENCY = YES;
				SWIFT_EMIT_LOC_STRINGS = NO;
				SWIFT_UPCOMING_FEATURE_MEMBER_IMPORT_VISIBILITY = YES;
				SWIFT_VERSION = 5.0;
				TEST_HOST = "$(BUILT_PRODUCTS_DIR)/EVA.app/$(BUNDLE_EXECUTABLE_FOLDER_PATH)/EVA";
			};
			name = Release;
		};
		77BE28E32FED64E30080DAF5 /* Debug */ = {
			isa = XCBuildConfiguration;
			buildSettings = {
				CODE_SIGN_STYLE = Automatic;
				CURRENT_PROJECT_VERSION = 1;
				DEVELOPMENT_TEAM = 7V8RRF84QH;
				GENERATE_INFOPLIST_FILE = YES;
				MARKETING_VERSION = 1.0;
				PRODUCT_BUNDLE_IDENTIFIER = gov.nih.nimh.cmn.eva.uitests;
				PRODUCT_NAME = "$(TARGET_NAME)";
				STRING_CATALOG_GENERATE_SYMBOLS = NO;
				SWIFT_APPROACHABLE_CONCURRENCY = YES;
				SWIFT_EMIT_LOC_STRINGS = NO;
				SWIFT_UPCOMING_FEATURE_MEMBER_IMPORT_VISIBILITY = YES;
				SWIFT_VERSION = 5.0;
				TEST_TARGET_NAME = EVA;
			};
			name = Debug;
		};
		77BE28E42FED64E30080DAF5 /* Release */ = {
			isa = XCBuildConfiguration;
			buildSettings = {
				CODE_SIGN_STYLE = Automatic;
				CURRENT_PROJECT_VERSION = 1;
				DEVELOPMENT_TEAM = 7V8RRF84QH;
				GENERATE_INFOPLIST_FILE = YES;
				MARKETING_VERSION = 1.0;
				PRODUCT_BUNDLE_IDENTIFIER = gov.nih.nimh.cmn.eva.uitests;
				PRODUCT_NAME = "$(TARGET_NAME)";
				STRING_CATALOG_GENERATE_SYMBOLS = NO;
				SWIFT_APPROACHABLE_CONCURRENCY = YES;
				SWIFT_EMIT_LOC_STRINGS = NO;
				SWIFT_UPCOMING_FEATURE_MEMBER_IMPORT_VISIBILITY = YES;
				SWIFT_VERSION = 5.0;
				TEST_TARGET_NAME = EVA;
			};
			name = Release;
		};
		D0000000000000000000007 /* Debug */ = {
			isa = XCBuildConfiguration;
			buildSettings = {
				CODE_SIGN_STYLE = Automatic;
				CURRENT_PROJECT_VERSION = 20260828;
				DEVELOPMENT_TEAM = 7V8RRF84QH;
				ENABLE_APP_SANDBOX = YES;
				ENABLE_HARDENED_RUNTIME = YES;
				GENERATE_INFOPLIST_FILE = YES;
				INFOPLIST_FILE = EVAQuickLook/Info.plist;
				INFOPLIST_KEY_NSHumanReadableCopyright = "Developed by P. Molfese, National Institutes of Health (NIH). U.S. Government work under 17 U.S.C. § 105.";
				LD_RUNPATH_SEARCH_PATHS = (
					"$(inherited)",
					"@executable_path/../Frameworks",
					"@executable_path/../../../../Frameworks",
				);
				MARKETING_VERSION = 0.1.7;
				PRODUCT_BUNDLE_IDENTIFIER = gov.nih.nimh.cmn.eva.quicklook;
				PRODUCT_NAME = "$(TARGET_NAME)";
				SKIP_INSTALL = YES;
				SWIFT_APPROACHABLE_CONCURRENCY = YES;
				SWIFT_EMIT_LOC_STRINGS = YES;
				SWIFT_UPCOMING_FEATURE_MEMBER_IMPORT_VISIBILITY = YES;
				SWIFT_VERSION = 5.0;
			};
			name = Debug;
		};
		D0000000000000000000008 /* Release */ = {
			isa = XCBuildConfiguration;
			buildSettings = {
				CODE_SIGN_STYLE = Automatic;
				CURRENT_PROJECT_VERSION = 20260828;
				DEVELOPMENT_TEAM = 7V8RRF84QH;
				ENABLE_APP_SANDBOX = YES;
				ENABLE_HARDENED_RUNTIME = YES;
				GENERATE_INFOPLIST_FILE = YES;
				INFOPLIST_FILE = EVAQuickLook/Info.plist;
				INFOPLIST_KEY_NSHumanReadableCopyright = "Developed by P. Molfese, National Institutes of Health (NIH). U.S. Government work under 17 U.S.C. § 105.";
				LD_RUNPATH_SEARCH_PATHS = (
					"$(inherited)",
					"@executable_path/../Frameworks",
					"@executable_path/../../../../Frameworks",
				);
				MARKETING_VERSION = 0.1.7;
				PRODUCT_BUNDLE_IDENTIFIER = gov.nih.nimh.cmn.eva.quicklook;
				PRODUCT_NAME = "$(TARGET_NAME)";
				SKIP_INSTALL = YES;
				SWIFT_APPROACHABLE_CONCURRENCY = YES;
				SWIFT_EMIT_LOC_STRINGS = YES;
				SWIFT_UPCOMING_FEATURE_MEMBER_IMPORT_VISIBILITY = YES;
				SWIFT_VERSION = 5.0;
			};
			name = Release;
		};
		D0000000000000000000017 /* Debug */ = {
			isa = XCBuildConfiguration;
			buildSettings = {
				CODE_SIGN_STYLE = Automatic;
				CURRENT_PROJECT_VERSION = 20260828;
				DEVELOPMENT_TEAM = 7V8RRF84QH;
				ENABLE_APP_SANDBOX = YES;
				ENABLE_HARDENED_RUNTIME = YES;
				GENERATE_INFOPLIST_FILE = YES;
				INFOPLIST_FILE = EVAThumbnail/Info.plist;
				INFOPLIST_KEY_NSHumanReadableCopyright = "Developed by P. Molfese, National Institutes of Health (NIH). U.S. Government work under 17 U.S.C. § 105.";
				LD_RUNPATH_SEARCH_PATHS = (
					"$(inherited)",
					"@executable_path/../Frameworks",
					"@executable_path/../../../../Frameworks",
				);
				MARKETING_VERSION = 0.1.7;
				PRODUCT_BUNDLE_IDENTIFIER = gov.nih.nimh.cmn.eva.thumbnail;
				PRODUCT_NAME = "$(TARGET_NAME)";
				SKIP_INSTALL = YES;
				SWIFT_APPROACHABLE_CONCURRENCY = YES;
				SWIFT_EMIT_LOC_STRINGS = YES;
				SWIFT_UPCOMING_FEATURE_MEMBER_IMPORT_VISIBILITY = YES;
				SWIFT_VERSION = 5.0;
			};
			name = Debug;
		};
		D0000000000000000000018 /* Release */ = {
			isa = XCBuildConfiguration;
			buildSettings = {
				CODE_SIGN_STYLE = Automatic;
				CURRENT_PROJECT_VERSION = 20260828;
				DEVELOPMENT_TEAM = 7V8RRF84QH;
				ENABLE_APP_SANDBOX = YES;
				ENABLE_HARDENED_RUNTIME = YES;
				GENERATE_INFOPLIST_FILE = YES;
				INFOPLIST_FILE = EVAThumbnail/Info.plist;
				INFOPLIST_KEY_NSHumanReadableCopyright = "Developed by P. Molfese, National Institutes of Health (NIH). U.S. Government work under 17 U.S.C. § 105.";
				LD_RUNPATH_SEARCH_PATHS = (
					"$(inherited)",
					"@executable_path/../Frameworks",
					"@executable_path/../../../../Frameworks",
				);
				MARKETING_VERSION = 0.1.7;
				PRODUCT_BUNDLE_IDENTIFIER = gov.nih.nimh.cmn.eva.thumbnail;
				PRODUCT_NAME = "$(TARGET_NAME)";
				SKIP_INSTALL = YES;
				SWIFT_APPROACHABLE_CONCURRENCY = YES;
				SWIFT_EMIT_LOC_STRINGS = YES;
				SWIFT_UPCOMING_FEATURE_MEMBER_IMPORT_VISIBILITY = YES;
				SWIFT_VERSION = 5.0;
			};
			name = Release;
		};
/* End XCBuildConfiguration section */

/* Begin XCConfigurationList section */
		510000000000000000000003 /* Build configuration list for PBXNativeTarget "EVASimulate" */ = {
			isa = XCConfigurationList;
			buildConfigurations = (
				510000000000000000000004 /* Debug */,
				510000000000000000000005 /* Release */,
			);
			defaultConfigurationIsVisible = 0;
			defaultConfigurationName = Release;
		};
		77BE28B62FED64E10080DAF5 /* Build configuration list for PBXProject "EVA" */ = {
			isa = XCConfigurationList;
			buildConfigurations = (
				77BE28DA2FED64E30080DAF5 /* Debug */,
				77BE28DB2FED64E30080DAF5 /* Release */,
			);
			defaultConfigurationIsVisible = 0;
			defaultConfigurationName = Release;
		};
		77BE28DC2FED64E30080DAF5 /* Build configuration list for PBXNativeTarget "EVA" */ = {
			isa = XCConfigurationList;
			buildConfigurations = (
				77BE28DD2FED64E30080DAF5 /* Debug */,
				77BE28DE2FED64E30080DAF5 /* Release */,
			);
			defaultConfigurationIsVisible = 0;
			defaultConfigurationName = Release;
		};
		77BE28DF2FED64E30080DAF5 /* Build configuration list for PBXNativeTarget "EVATests" */ = {
			isa = XCConfigurationList;
			buildConfigurations = (
				77BE28E02FED64E30080DAF5 /* Debug */,
				77BE28E12FED64E30080DAF5 /* Release */,
			);
			defaultConfigurationIsVisible = 0;
			defaultConfigurationName = Release;
		};
		77BE28E22FED64E30080DAF5 /* Build configuration list for PBXNativeTarget "EVAUITests" */ = {
			isa = XCConfigurationList;
			buildConfigurations = (
				77BE28E32FED64E30080DAF5 /* Debug */,
				77BE28E42FED64E30080DAF5 /* Release */,
			);
			defaultConfigurationIsVisible = 0;
			defaultConfigurationName = Release;
		};
		D0000000000000000000006 /* Build configuration list for PBXNativeTarget "EVAQuickLook" */ = {
			isa = XCConfigurationList;
			buildConfigurations = (
				D0000000000000000000007 /* Debug */,
				D0000000000000000000008 /* Release */,
			);
			defaultConfigurationIsVisible = 0;
			defaultConfigurationName = Release;
		};
		D0000000000000000000016 /* Build configuration list for PBXNativeTarget "EVAThumbnail" */ = {
			isa = XCConfigurationList;
			buildConfigurations = (
				D0000000000000000000017 /* Debug */,
				D0000000000000000000018 /* Release */,
			);
			defaultConfigurationIsVisible = 0;
			defaultConfigurationName = Release;
		};
/* End XCConfigurationList section */
	};
	rootObject = 77BE28B32FED64E10080DAF5 /* Project object */;
}
